
Microsoft Visual Studio Solution File, Format Version 12.00
# Visual Studio Version 17
VisualStudioVersion = 17.8.34330.188
MinimumVisualStudioVersion = 10.0.40219.1
Project("{FAE04EC0-301F-11D3-BF4B-00C04F79EFBC}") = "CalculadoraPropinaIVA", "CalculadoraPropinaIVA\CalculadoraPropinaIVA.csproj", "{9CE2D3DA-DEB0-4465-8767-0A7D33DF41B2}"
EndProject
Global
	GlobalSection(SolutionConfigurationPlatforms) = preSolution
		Debug|Any CPU = Debug|Any CPU
		Release|Any CPU = Release|Any CPU
	EndGlobalSection
	GlobalSection(ProjectConfigurationPlatforms) = postSolution
		{9CE2D3DA-DEB0-4465-8767-0A7D33DF41B2}.Debug|Any CPU.ActiveCfg = Debug|Any CPU
		{9CE2D3DA-DEB0-4465-8767-0A7D33DF41B2}.Debug|Any CPU.Build.0 = Debug|Any CPU
		{9CE2D3DA-DEB0-4465-8767-0A7D33DF41B2}.Release|Any CPU.ActiveCfg = Release|Any CPU
		{9CE2D3DA-DEB0-4465-8767-0A7D33DF41B2}.Release|Any CPU.Build.0 = Release|Any CPU
	EndGlobalSection
	GlobalSection(SolutionProperties) = preSolution
		HideSolutionNode = FALSE
	EndGlobalSection
	GlobalSection(ExtensibilityGlobals) = postSolution
		SolutionGuid = {14858AD1-87AF-4065-BFAE-4F31E8D50442}
	EndGlobalSection
EndGlobal
